
Microsoft Visual Studio Solution File, Format Version 12.00
# Visual Studio Version 16
VisualStudioVersion = 16.0.30523.141
MinimumVisualStudioVersion = 10.0.40219.1
Project("{9A19103F-16F7-4668-BE54-9A1E7A4F7556}") = "Methods", "CSharpJourney\Methods.csproj", "{B34D74C4-5F1C-4213-A6F7-CE5A2F8DF5C3}"
EndProject
Project("{9A19103F-16F7-4668-BE54-9A1E7A4F7556}") = "ObjectOriented1", "ObjectOriented1\ObjectOriented1.csproj", "{0F0CC1A2-A91F-4C0A-80AC-34197C42CA4A}"
EndProject
Project("{9A19103F-16F7-4668-BE54-9A1E7A4F7556}") = "Collections", "Collections\Collections.csproj", "{1EFA43B7-5A07-4949-80B8-9003216F163C}"
EndProject
Project("{FAE04EC0-301F-11D3-BF4B-00C04F79EFBC}") = "Generics1", "Generics1\Generics1.csproj", "{C5B08762-64F2-4033-9F60-3DED613F89A6}"
EndProject
Global
	GlobalSection(SolutionConfigurationPlatforms) = preSolution
		Debug|Any CPU = Debug|Any CPU
		Release|Any CPU = Release|Any CPU
	EndGlobalSection
	GlobalSection(ProjectConfigurationPlatforms) = postSolution
		{B34D74C4-5F1C-4213-A6F7-CE5A2F8DF5C3}.Debug|Any CPU.ActiveCfg = Debug|Any CPU
		{B34D74C4-5F1C-4213-A6F7-CE5A2F8DF5C3}.Debug|Any CPU.Build.0 = Debug|Any CPU
		{B34D74C4-5F1C-4213-A6F7-CE5A2F8DF5C3}.Release|Any CPU.ActiveCfg = Release|Any CPU
		{B34D74C4-5F1C-4213-A6F7-CE5A2F8DF5C3}.Release|Any CPU.Build.0 = Release|Any CPU
		{0F0CC1A2-A91F-4C0A-80AC-34197C42CA4A}.Debug|Any CPU.ActiveCfg = Debug|Any CPU
		{0F0CC1A2-A91F-4C0A-80AC-34197C42CA4A}.Debug|Any CPU.Build.0 = Debug|Any CPU
		{0F0CC1A2-A91F-4C0A-80AC-34197C42CA4A}.Release|Any CPU.ActiveCfg = Release|Any CPU
		{0F0CC1A2-A91F-4C0A-80AC-34197C42CA4A}.Release|Any CPU.Build.0 = Release|Any CPU
		{1EFA43B7-5A07-4949-80B8-9003216F163C}.Debug|Any CPU.ActiveCfg = Debug|Any CPU
		{1EFA43B7-5A07-4949-80B8-9003216F163C}.Debug|Any CPU.Build.0 = Debug|Any CPU
		{1EFA43B7-5A07-4949-80B8-9003216F163C}.Release|Any CPU.ActiveCfg = Release|Any CPU
		{1EFA43B7-5A07-4949-80B8-9003216F163C}.Release|Any CPU.Build.0 = Release|Any CPU
		{C5B08762-64F2-4033-9F60-3DED613F89A6}.Debug|Any CPU.ActiveCfg = Debug|Any CPU
		{C5B08762-64F2-4033-9F60-3DED613F89A6}.Debug|Any CPU.Build.0 = Debug|Any CPU
		{C5B08762-64F2-4033-9F60-3DED613F89A6}.Release|Any CPU.ActiveCfg = Release|Any CPU
		{C5B08762-64F2-4033-9F60-3DED613F89A6}.Release|Any CPU.Build.0 = Release|Any CPU
	EndGlobalSection
	GlobalSection(SolutionProperties) = preSolution
		HideSolutionNode = FALSE
	EndGlobalSection
	GlobalSection(ExtensibilityGlobals) = postSolution
		SolutionGuid = {C20548D4-4E52-492B-B468-829A1D51F1D9}
	EndGlobalSection
EndGlobal
